// !$*UTF8*$!
{
	archiveVersion = 1;
	classes = {
	};
	objectVersion = 48;
	objects = {

/* Begin PBXBuildFile section */
		A9CABFF01FACF7B000014BB0 /* AppDelegate.swift in Sources */ = {isa = PBXBuildFile; fileRef = A9CABFEF1FACF7B000014BB0 /* AppDelegate.swift */; };
		A9CABFF21FACF7B000014BB0 /* ViewController.swift in Sources */ = {isa = PBXBuildFile; fileRef = A9CABFF11FACF7B000014BB0 /* ViewController.swift */; };
		A9CABFF51FACF7B000014BB0 /* Main.storyboard in Resources */ = {isa = PBXBuildFile; fileRef = A9CABFF31FACF7B000014BB0 /* Main.storyboard */; };
		A9CABFF71FACF7B000014BB0 /* Assets.xcassets in Resources */ = {isa = PBXBuildFile; fileRef = A9CABFF61FACF7B000014BB0 /* Assets.xcassets */; };
		A9CABFFA1FACF7B000014BB0 /* LaunchScreen.storyboard in Resources */ = {isa = PBXBuildFile; fileRef = A9CABFF81FACF7B000014BB0 /* LaunchScreen.storyboard */; };
		A9CAC0061FAD019500014BB0 /* Home.storyboard in Resources */ = {isa = PBXBuildFile; fileRef = A9CAC0051FAD019500014BB0 /* Home.storyboard */; };
		A9CAC0091FAD01D400014BB0 /* Producer.storyboard in Resources */ = {isa = PBXBuildFile; fileRef = A9CAC0071FAD01D400014BB0 /* Producer.storyboard */; };
		A9CAC00B1FAD026600014BB0 /* Basket.storyboard in Resources */ = {isa = PBXBuildFile; fileRef = A9CAC00A1FAD026600014BB0 /* Basket.storyboard */; };
		A9CAC00E1FAD028A00014BB0 /* Chat.storyboard in Resources */ = {isa = PBXBuildFile; fileRef = A9CAC00C1FAD028A00014BB0 /* Chat.storyboard */; };
		A9CAC0101FAD02B500014BB0 /* Profile.storyboard in Resources */ = {isa = PBXBuildFile; fileRef = A9CAC00F1FAD02B500014BB0 /* Profile.storyboard */; };
/* End PBXBuildFile section */

/* Begin PBXFileReference section */
		A9CABFEC1FACF7B000014BB0 /* CestaDoCampo.app */ = {isa = PBXFileReference; explicitFileType = wrapper.application; includeInIndex = 0; path = CestaDoCampo.app; sourceTree = BUILT_PRODUCTS_DIR; };
		A9CABFEF1FACF7B000014BB0 /* AppDelegate.swift */ = {isa = PBXFileReference; lastKnownFileType = sourcecode.swift; path = AppDelegate.swift; sourceTree = "<group>"; };
		A9CABFF11FACF7B000014BB0 /* ViewController.swift */ = {isa = PBXFileReference; lastKnownFileType = sourcecode.swift; path = ViewController.swift; sourceTree = "<group>"; };
		A9CABFF41FACF7B000014BB0 /* Base */ = {isa = PBXFileReference; lastKnownFileType = file.storyboard; name = Base; path = Base.lproj/Main.storyboard; sourceTree = "<group>"; };
		A9CABFF61FACF7B000014BB0 /* Assets.xcassets */ = {isa = PBXFileReference; lastKnownFileType = folder.assetcatalog; path = Assets.xcassets; sourceTree = "<group>"; };
		A9CABFF91FACF7B000014BB0 /* Base */ = {isa = PBXFileReference; lastKnownFileType = file.storyboard; name = Base; path = Base.lproj/LaunchScreen.storyboard; sourceTree = "<group>"; };
		A9CABFFB1FACF7B000014BB0 /* Info.plist */ = {isa = PBXFileReference; lastKnownFileType = text.plist.xml; path = Info.plist; sourceTree = "<group>"; };
		A9CAC0051FAD019500014BB0 /* Home.storyboard */ = {isa = PBXFileReference; fileEncoding = 4; lastKnownFileType = file.storyboard; path = Home.storyboard; sourceTree = "<group>"; };
		A9CAC0081FAD01D400014BB0 /* Base */ = {isa = PBXFileReference; lastKnownFileType = file.storyboard; name = Base; path = CestaDoCampo/Base.lproj/Producer.storyboard; sourceTree = "<group>"; };
		A9CAC00A1FAD026600014BB0 /* Basket.storyboard */ = {isa = PBXFileReference; fileEncoding = 4; lastKnownFileType = file.storyboard; path = Basket.storyboard; sourceTree = "<group>"; };
		A9CAC00D1FAD028A00014BB0 /* Base */ = {isa = PBXFileReference; lastKnownFileType = file.storyboard; name = Base; path = CestaDoCampo/Base.lproj/Chat.storyboard; sourceTree = "<group>"; };
		A9CAC00F1FAD02B500014BB0 /* Profile.storyboard */ = {isa = PBXFileReference; fileEncoding = 4; lastKnownFileType = file.storyboard; path = Profile.storyboard; sourceTree = "<group>"; };
/* End PBXFileReference section */

/* Begin PBXFrameworksBuildPhase section */
		A9CABFE91FACF7B000014BB0 /* Frameworks */ = {
			isa = PBXFrameworksBuildPhase;
			buildActionMask = 2147483647;
			files = (
			);
			runOnlyForDeploymentPostprocessing = 0;
		};
/* End PBXFrameworksBuildPhase section */

/* Begin PBXGroup section */
		A9CABFE31FACF7B000014BB0 = {
			isa = PBXGroup;
			children = (
				A9CABFEE1FACF7B000014BB0 /* CestaDoCampo */,
				A9CABFED1FACF7B000014BB0 /* Products */,
			);
			sourceTree = "<group>";
		};
		A9CABFED1FACF7B000014BB0 /* Products */ = {
			isa = PBXGroup;
			children = (
				A9CABFEC1FACF7B000014BB0 /* CestaDoCampo.app */,
			);
			name = Products;
			sourceTree = "<group>";
		};
		A9CABFEE1FACF7B000014BB0 /* CestaDoCampo */ = {
			isa = PBXGroup;
			children = (
				A9CABFEF1FACF7B000014BB0 /* AppDelegate.swift */,
				A9CABFF11FACF7B000014BB0 /* ViewController.swift */,
				A9CABFF31FACF7B000014BB0 /* Main.storyboard */,
				A9CAC00F1FAD02B500014BB0 /* Profile.storyboard */,
				A9CAC0051FAD019500014BB0 /* Home.storyboard */,
				A9CAC0071FAD01D400014BB0 /* Producer.storyboard */,
				A9CAC00A1FAD026600014BB0 /* Basket.storyboard */,
				A9CAC00C1FAD028A00014BB0 /* Chat.storyboard */,
				A9CABFF61FACF7B000014BB0 /* Assets.xcassets */,
				A9CABFF81FACF7B000014BB0 /* LaunchScreen.storyboard */,
				A9CABFFB1FACF7B000014BB0 /* Info.plist */,
			);
			path = CestaDoCampo;
			sourceTree = "<group>";
		};
/* End PBXGroup section */

/* Begin PBXNativeTarget section */
		A9CABFEB1FACF7B000014BB0 /* CestaDoCampo */ = {
			isa = PBXNativeTarget;
			buildConfigurationList = A9CABFFE1FACF7B000014BB0 /* Build configuration list for PBXNativeTarget "CestaDoCampo" */;
			buildPhases = (
				A9CABFE81FACF7B000014BB0 /* Sources */,
				A9CABFE91FACF7B000014BB0 /* Frameworks */,
				A9CABFEA1FACF7B000014BB0 /* Resources */,
			);
			buildRules = (
			);
			dependencies = (
			);
			name = CestaDoCampo;
			productName = CestaDoCampo;
			productReference = A9CABFEC1FACF7B000014BB0 /* CestaDoCampo.app */;
			productType = "com.apple.product-type.application";
		};
/* End PBXNativeTarget section */

/* Begin PBXProject section */
		A9CABFE41FACF7B000014BB0 /* Project object */ = {
			isa = PBXProject;
			attributes = {
				LastSwiftUpdateCheck = 0910;
				LastUpgradeCheck = 0910;
				ORGANIZATIONNAME = "João Hergert";
				TargetAttributes = {
					A9CABFEB1FACF7B000014BB0 = {
						CreatedOnToolsVersion = 9.1;
						ProvisioningStyle = Automatic;
					};
				};
			};
			buildConfigurationList = A9CABFE71FACF7B000014BB0 /* Build configuration list for PBXProject "CestaDoCampo" */;
			compatibilityVersion = "Xcode 8.0";
			developmentRegion = en;
			hasScannedForEncodings = 0;
			knownRegions = (
				en,
				Base,
			);
			mainGroup = A9CABFE31FACF7B000014BB0;
			productRefGroup = A9CABFED1FACF7B000014BB0 /* Products */;
			projectDirPath = "";
			projectRoot = "";
			targets = (
				A9CABFEB1FACF7B000014BB0 /* CestaDoCampo */,
			);
		};
/* End PBXProject section */

/* Begin PBXResourcesBuildPhase section */
		A9CABFEA1FACF7B000014BB0 /* Resources */ = {
			isa = PBXResourcesBuildPhase;
			buildActionMask = 2147483647;
			files = (
				A9CAC00E1FAD028A00014BB0 /* Chat.storyboard in Resources */,
				A9CABFFA1FACF7B000014BB0 /* LaunchScreen.storyboard in Resources */,
				A9CAC0101FAD02B500014BB0 /* Profile.storyboard in Resources */,
				A9CAC0091FAD01D400014BB0 /* Producer.storyboard in Resources */,
				A9CAC00B1FAD026600014BB0 /* Basket.storyboard in Resources */,
				A9CABFF71FACF7B000014BB0 /* Assets.xcassets in Resources */,
				A9CABFF51FACF7B000014BB0 /* Main.storyboard in Resources */,
				A9CAC0061FAD019500014BB0 /* Home.storyboard in Resources */,
			);
			runOnlyForDeploymentPostprocessing = 0;
		};
/* End PBXResourcesBuildPhase section */

/* Begin PBXSourcesBuildPhase section */
		A9CABFE81FACF7B000014BB0 /* Sources */ = {
			isa = PBXSourcesBuildPhase;
			buildActionMask = 2147483647;
			files = (
				A9CABFF21FACF7B000014BB0 /* ViewController.swift in Sources */,
				A9CABFF01FACF7B000014BB0 /* AppDelegate.swift in Sources */,
			);
			runOnlyForDeploymentPostprocessing = 0;
		};
/* End PBXSourcesBuildPhase section */

/* Begin PBXVariantGroup section */
		A9CABFF31FACF7B000014BB0 /* Main.storyboard */ = {
			isa = PBXVariantGroup;
			children = (
				A9CABFF41FACF7B000014BB0 /* Base */,
			);
			name = Main.storyboard;
			sourceTree = "<group>";
		};
		A9CABFF81FACF7B000014BB0 /* LaunchScreen.storyboard */ = {
			isa = PBXVariantGroup;
			children = (
				A9CABFF91FACF7B000014BB0 /* Base */,
			);
			name = LaunchScreen.storyboard;
			sourceTree = "<group>";
		};
		A9CAC0071FAD01D400014BB0 /* Producer.storyboard */ = {
			isa = PBXVariantGroup;
			children = (
				A9CAC0081FAD01D400014BB0 /* Base */,
			);
			name = Producer.storyboard;
			sourceTree = "<group>";
		};
		A9CAC00C1FAD028A00014BB0 /* Chat.storyboard */ = {
			isa = PBXVariantGroup;
			children = (
				A9CAC00D1FAD028A00014BB0 /* Base */,
			);
			name = Chat.storyboard;
			sourceTree = "<group>";
		};
/* End PBXVariantGroup section */

/* Begin XCBuildConfiguration section */
		A9CABFFC1FACF7B000014BB0 /* Debug */ = {
			isa = XCBuildConfiguration;
			buildSettings = {
				ALWAYS_SEARCH_USER_PATHS = NO;
				CLANG_ANALYZER_NONNULL = YES;
				CLANG_ANALYZER_NUMBER_OBJECT_CONVERSION = YES_AGGRESSIVE;
				CLANG_CXX_LANGUAGE_STANDARD = "gnu++14";
				CLANG_CXX_LIBRARY = "libc++";
				CLANG_ENABLE_MODULES = YES;
				CLANG_ENABLE_OBJC_ARC = YES;
				CLANG_WARN_BLOCK_CAPTURE_AUTORELEASING = YES;
				CLANG_WARN_BOOL_CONVERSION = YES;
				CLANG_WARN_COMMA = YES;
				CLANG_WARN_CONSTANT_CONVERSION = YES;
				CLANG_WARN_DIRECT_OBJC_ISA_USAGE = YES_ERROR;
				CLANG_WARN_DOCUMENTATION_COMMENTS = YES;
				CLANG_WARN_EMPTY_BODY = YES;
				CLANG_WARN_ENUM_CONVERSION = YES;
				CLANG_WARN_INFINITE_RECURSION = YES;
				CLANG_WARN_INT_CONVERSION = YES;
				CLANG_WARN_NON_LITERAL_NULL_CONVERSION = YES;
				CLANG_WARN_OBJC_LITERAL_CONVERSION = YES;
				CLANG_WARN_OBJC_ROOT_CLASS = YES_ERROR;
				CLANG_WARN_RANGE_LOOP_ANALYSIS = YES;
				CLANG_WARN_STRICT_PROTOTYPES = YES;
				CLANG_WARN_SUSPICIOUS_MOVE = YES;
				CLANG_WARN_UNGUARDED_AVAILABILITY = YES_AGGRESSIVE;
				CLANG_WARN_UNREACHABLE_CODE = YES;
				CLANG_WARN__DUPLICATE_METHOD_MATCH = YES;
				CODE_SIGN_IDENTITY = "iPhone Developer";
				COPY_PHASE_STRIP = NO;
				DEBUG_INFORMATION_FORMAT = dwarf;
				ENABLE_STRICT_OBJC_MSGSEND = YES;
				ENABLE_TESTABILITY = YES;
				GCC_C_LANGUAGE_STANDARD = gnu11;
				GCC_DYNAMIC_NO_PIC = NO;
				GCC_NO_COMMON_BLOCKS = YES;
				GCC_OPTIMIZATION_LEVEL = 0;
				GCC_PREPROCESSOR_DEFINITIONS = (
					"DEBUG=1",
					"$(inherited)",
				);
				GCC_WARN_64_TO_32_BIT_CONVERSION = YES;
				GCC_WARN_ABOUT_RETURN_TYPE = YES_ERROR;
				GCC_WARN_UNDECLARED_SELECTOR = YES;
				GCC_WARN_UNINITIALIZED_AUTOS = YES_AGGRESSIVE;
				GCC_WARN_UNUSED_FUNCTION = YES;
				GCC_WARN_UNUSED_VARIABLE = YES;
				IPHONEOS_DEPLOYMENT_TARGET = 11.1;
				MTL_ENABLE_DEBUG_INFO = YES;
				ONLY_ACTIVE_ARCH = YES;
				SDKROOT = iphoneos;
				SWIFT_ACTIVE_COMPILATION_CONDITIONS = DEBUG;
				SWIFT_OPTIMIZATION_LEVEL = "-Onone";
			};
			name = Debug;
		};
		A9CABFFD1FACF7B000014BB0 /* Release */ = {
			isa = XCBuildConfiguration;
			buildSettings = {
				ALWAYS_SEARCH_USER_PATHS = NO;
				CLANG_ANALYZER_NONNULL = YES;
				CLANG_ANALYZER_NUMBER_OBJECT_CONVERSION = YES_AGGRESSIVE;
				CLANG_CXX_LANGUAGE_STANDARD = "gnu++14";
				CLANG_CXX_LIBRARY = "libc++";
				CLANG_ENABLE_MODULES = YES;
				CLANG_ENABLE_OBJC_ARC = YES;
				CLANG_WARN_BLOCK_CAPTURE_AUTORELEASING = YES;
				CLANG_WARN_BOOL_CONVERSION = YES;
				CLANG_WARN_COMMA = YES;
				CLANG_WARN_CONSTANT_CONVERSION = YES;
				CLANG_WARN_DIRECT_OBJC_ISA_USAGE = YES_ERROR;
				CLANG_WARN_DOCUMENTATION_COMMENTS = YES;
				CLANG_WARN_EMPTY_BODY = YES;
				CLANG_WARN_ENUM_CONVERSION = YES;
				CLANG_WARN_INFINITE_RECURSION = YES;
				CLANG_WARN_INT_CONVERSION = YES;
				CLANG_WARN_NON_LITERAL_NULL_CONVERSION = YES;
				CLANG_WARN_OBJC_LITERAL_CONVERSION = YES;
				CLANG_WARN_OBJC_ROOT_CLASS = YES_ERROR;
				CLANG_WARN_RANGE_LOOP_ANALYSIS = YES;
				CLANG_WARN_STRICT_PROTOTYPES = YES;
				CLANG_WARN_SUSPICIOUS_MOVE = YES;
				CLANG_WARN_UNGUARDED_AVAILABILITY = YES_AGGRESSIVE;
				CLANG_WARN_UNREACHABLE_CODE = YES;
				CLANG_WARN__DUPLICATE_METHOD_MATCH = YES;
				CODE_SIGN_IDENTITY = "iPhone Developer";
				COPY_PHASE_STRIP = NO;
				DEBUG_INFORMATION_FORMAT = "dwarf-with-dsym";
				ENABLE_NS_ASSERTIONS = NO;
				ENABLE_STRICT_OBJC_MSGSEND = YES;
				GCC_C_LANGUAGE_STANDARD = gnu11;
				GCC_NO_COMMON_BLOCKS = YES;
				GCC_WARN_64_TO_32_BIT_CONVERSION = YES;
				GCC_WARN_ABOUT_RETURN_TYPE = YES_ERROR;
				GCC_WARN_UNDECLARED_SELECTOR = YES;
				GCC_WARN_UNINITIALIZED_AUTOS = YES_AGGRESSIVE;
				GCC_WARN_UNUSED_FUNCTION = YES;
				GCC_WARN_UNUSED_VARIABLE = YES;
				IPHONEOS_DEPLOYMENT_TARGET = 11.1;
				MTL_ENABLE_DEBUG_INFO = NO;
				SDKROOT = iphoneos;
				SWIFT_OPTIMIZATION_LEVEL = "-Owholemodule";
				VALIDATE_PRODUCT = YES;
			};
			name = Release;
		};
		A9CABFFF1FACF7B000014BB0 /* Debug */ = {
			isa = XCBuildConfiguration;
			buildSettings = {
				ASSETCATALOG_COMPILER_APPICON_NAME = AppIcon;
				CODE_SIGN_STYLE = Automatic;
				DEVELOPMENT_TEAM = "";
				INFOPLIST_FILE = CestaDoCampo/Info.plist;
				LD_RUNPATH_SEARCH_PATHS = "$(inherited) @executable_path/Frameworks";
				PRODUCT_BUNDLE_IDENTIFIER = br.org.eldorado.bepid.CestaDoCampo;
				PRODUCT_NAME = "$(TARGET_NAME)";
				SWIFT_VERSION = 4.0;
				TARGETED_DEVICE_FAMILY = "1,2";
			};
			name = Debug;
		};
		A9CAC0001FACF7B000014BB0 /* Release */ = {
			isa = XCBuildConfiguration;
			buildSettings = {
				ASSETCATALOG_COMPILER_APPICON_NAME = AppIcon;
				CODE_SIGN_STYLE = Automatic;
				DEVELOPMENT_TEAM = "";
				INFOPLIST_FILE = CestaDoCampo/Info.plist;
				LD_RUNPATH_SEARCH_PATHS = "$(inherited) @executable_path/Frameworks";
				PRODUCT_BUNDLE_IDENTIFIER = br.org.eldorado.bepid.CestaDoCampo;
				PRODUCT_NAME = "$(TARGET_NAME)";
				SWIFT_VERSION = 4.0;
				TARGETED_DEVICE_FAMILY = "1,2";
			};
			name = Release;
		};
/* End XCBuildConfiguration section */

/* Begin XCConfigurationList section */
		A9CABFE71FACF7B000014BB0 /* Build configuration list for PBXProject "CestaDoCampo" */ = {
			isa = XCConfigurationList;
			buildConfigurations = (
				A9CABFFC1FACF7B000014BB0 /* Debug */,
				A9CABFFD1FACF7B000014BB0 /* Release */,
			);
			defaultConfigurationIsVisible = 0;
			defaultConfigurationName = Release;
		};
		A9CABFFE1FACF7B000014BB0 /* Build configuration list for PBXNativeTarget "CestaDoCampo" */ = {
			isa = XCConfigurationList;
			buildConfigurations = (
				A9CABFFF1FACF7B000014BB0 /* Debug */,
				A9CAC0001FACF7B000014BB0 /* Release */,
			);
			defaultConfigurationIsVisible = 0;
			defaultConfigurationName = Release;
		};
/* End XCConfigurationList section */
	};
	rootObject = A9CABFE41FACF7B000014BB0 /* Project object */;
}
