// !$*UTF8*$!
{
	archiveVersion = 1;
	classes = {
	};
	objectVersion = 48;
	objects = {

/* Begin PBXBuildFile section */
		6D9C2A0E1FB4F0C0005EF27E /* CustomerService.swift in Sources */ = {isa = PBXBuildFile; fileRef = 6D9C2A0D1FB4F0C0005EF27E /* CustomerService.swift */; };
		6D9C2A101FB4FAA4005EF27E /* ProducerService.swift in Sources */ = {isa = PBXBuildFile; fileRef = 6D9C2A0F1FB4FAA4005EF27E /* ProducerService.swift */; };
		6D9C2A131FB603D4005EF27E /* CustomerModel.swift in Sources */ = {isa = PBXBuildFile; fileRef = 6D9C2A121FB603D4005EF27E /* CustomerModel.swift */; };
		6D9C2A151FB60586005EF27E /* ProducerModel.swift in Sources */ = {isa = PBXBuildFile; fileRef = 6D9C2A141FB60586005EF27E /* ProducerModel.swift */; };
		6DBD68811FB4D849003A029A /* BasketItem.swift in Sources */ = {isa = PBXBuildFile; fileRef = 6DBD68801FB4D849003A029A /* BasketItem.swift */; };
		6DBD68831FB4DAE7003A029A /* PickupDay.swift in Sources */ = {isa = PBXBuildFile; fileRef = 6DBD68821FB4DAE7003A029A /* PickupDay.swift */; };
		6DBD68851FB4DBC4003A029A /* PickupPoint.swift in Sources */ = {isa = PBXBuildFile; fileRef = 6DBD68841FB4DBC4003A029A /* PickupPoint.swift */; };
		6DBD68871FB4E299003A029A /* Customer.swift in Sources */ = {isa = PBXBuildFile; fileRef = 6DBD68861FB4E299003A029A /* Customer.swift */; };
		6DBD68891FB4E4EA003A029A /* Subscription.swift in Sources */ = {isa = PBXBuildFile; fileRef = 6DBD68881FB4E4EA003A029A /* Subscription.swift */; };
		6DBD688B1FB4E5F4003A029A /* Product.swift in Sources */ = {isa = PBXBuildFile; fileRef = 6DBD688A1FB4E5F4003A029A /* Product.swift */; };
		6DBD688D1FB4E684003A029A /* AvailableItem.swift in Sources */ = {isa = PBXBuildFile; fileRef = 6DBD688C1FB4E684003A029A /* AvailableItem.swift */; };
		6DBD688F1FB4E77C003A029A /* OrderedItem.swift in Sources */ = {isa = PBXBuildFile; fileRef = 6DBD688E1FB4E77C003A029A /* OrderedItem.swift */; };
		A97F92C61FB4BCA900784B24 /* ProducerTableViewCell.swift in Sources */ = {isa = PBXBuildFile; fileRef = A97F92C51FB4BCA900784B24 /* ProducerTableViewCell.swift */; };
		A97F92C91FB4CFCA00784B24 /* Basket.swift in Sources */ = {isa = PBXBuildFile; fileRef = A97F92C81FB4CFCA00784B24 /* Basket.swift */; };
		A97F92CB1FB4D0B800784B24 /* Producer.swift in Sources */ = {isa = PBXBuildFile; fileRef = A97F92CA1FB4D0B800784B24 /* Producer.swift */; };
		A9BEDD511FAD442A00AEE857 /* Home.storyboard in Resources */ = {isa = PBXBuildFile; fileRef = A9BEDD501FAD442A00AEE857 /* Home.storyboard */; };
		A9BEDD531FAD44C400AEE857 /* Chat.storyboard in Resources */ = {isa = PBXBuildFile; fileRef = A9BEDD521FAD44C400AEE857 /* Chat.storyboard */; };
		A9BEDD551FAD44FE00AEE857 /* Profile.storyboard in Resources */ = {isa = PBXBuildFile; fileRef = A9BEDD541FAD44FE00AEE857 /* Profile.storyboard */; };
		A9BEDD571FAD452900AEE857 /* Basket.storyboard in Resources */ = {isa = PBXBuildFile; fileRef = A9BEDD561FAD452900AEE857 /* Basket.storyboard */; };
		A9BEDD591FAD455100AEE857 /* Producer.storyboard in Resources */ = {isa = PBXBuildFile; fileRef = A9BEDD581FAD455100AEE857 /* Producer.storyboard */; };
		A9BEDD5D1FAD47D000AEE857 /* HomeViewController.swift in Sources */ = {isa = PBXBuildFile; fileRef = A9BEDD5C1FAD47D000AEE857 /* HomeViewController.swift */; };
		A9CABFF01FACF7B000014BB0 /* AppDelegate.swift in Sources */ = {isa = PBXBuildFile; fileRef = A9CABFEF1FACF7B000014BB0 /* AppDelegate.swift */; };
		A9CABFF21FACF7B000014BB0 /* ViewController.swift in Sources */ = {isa = PBXBuildFile; fileRef = A9CABFF11FACF7B000014BB0 /* ViewController.swift */; };
		A9CABFF51FACF7B000014BB0 /* Main.storyboard in Resources */ = {isa = PBXBuildFile; fileRef = A9CABFF31FACF7B000014BB0 /* Main.storyboard */; };
		A9CABFF71FACF7B000014BB0 /* Assets.xcassets in Resources */ = {isa = PBXBuildFile; fileRef = A9CABFF61FACF7B000014BB0 /* Assets.xcassets */; };
		A9CABFFA1FACF7B000014BB0 /* LaunchScreen.storyboard in Resources */ = {isa = PBXBuildFile; fileRef = A9CABFF81FACF7B000014BB0 /* LaunchScreen.storyboard */; };
/* End PBXBuildFile section */

/* Begin PBXFileReference section */
		6D9C2A0D1FB4F0C0005EF27E /* CustomerService.swift */ = {isa = PBXFileReference; lastKnownFileType = sourcecode.swift; path = CustomerService.swift; sourceTree = "<group>"; };
		6D9C2A0F1FB4FAA4005EF27E /* ProducerService.swift */ = {isa = PBXFileReference; lastKnownFileType = sourcecode.swift; path = ProducerService.swift; sourceTree = "<group>"; };
		6D9C2A121FB603D4005EF27E /* CustomerModel.swift */ = {isa = PBXFileReference; lastKnownFileType = sourcecode.swift; path = CustomerModel.swift; sourceTree = "<group>"; };
		6D9C2A141FB60586005EF27E /* ProducerModel.swift */ = {isa = PBXFileReference; lastKnownFileType = sourcecode.swift; path = ProducerModel.swift; sourceTree = "<group>"; };
		6DBD68801FB4D849003A029A /* BasketItem.swift */ = {isa = PBXFileReference; lastKnownFileType = sourcecode.swift; path = BasketItem.swift; sourceTree = "<group>"; };
		6DBD68821FB4DAE7003A029A /* PickupDay.swift */ = {isa = PBXFileReference; lastKnownFileType = sourcecode.swift; path = PickupDay.swift; sourceTree = "<group>"; };
		6DBD68841FB4DBC4003A029A /* PickupPoint.swift */ = {isa = PBXFileReference; lastKnownFileType = sourcecode.swift; path = PickupPoint.swift; sourceTree = "<group>"; };
		6DBD68861FB4E299003A029A /* Customer.swift */ = {isa = PBXFileReference; lastKnownFileType = sourcecode.swift; path = Customer.swift; sourceTree = "<group>"; };
		6DBD68881FB4E4EA003A029A /* Subscription.swift */ = {isa = PBXFileReference; lastKnownFileType = sourcecode.swift; path = Subscription.swift; sourceTree = "<group>"; };
		6DBD688A1FB4E5F4003A029A /* Product.swift */ = {isa = PBXFileReference; lastKnownFileType = sourcecode.swift; path = Product.swift; sourceTree = "<group>"; };
		6DBD688C1FB4E684003A029A /* AvailableItem.swift */ = {isa = PBXFileReference; lastKnownFileType = sourcecode.swift; path = AvailableItem.swift; sourceTree = "<group>"; };
		6DBD688E1FB4E77C003A029A /* OrderedItem.swift */ = {isa = PBXFileReference; lastKnownFileType = sourcecode.swift; path = OrderedItem.swift; sourceTree = "<group>"; };
		A97F92C51FB4BCA900784B24 /* ProducerTableViewCell.swift */ = {isa = PBXFileReference; lastKnownFileType = sourcecode.swift; path = ProducerTableViewCell.swift; sourceTree = "<group>"; };
		A97F92C81FB4CFCA00784B24 /* Basket.swift */ = {isa = PBXFileReference; lastKnownFileType = sourcecode.swift; path = Basket.swift; sourceTree = "<group>"; };
		A97F92CA1FB4D0B800784B24 /* Producer.swift */ = {isa = PBXFileReference; lastKnownFileType = sourcecode.swift; path = Producer.swift; sourceTree = "<group>"; };
		A9BEDD501FAD442A00AEE857 /* Home.storyboard */ = {isa = PBXFileReference; fileEncoding = 4; lastKnownFileType = file.storyboard; path = Home.storyboard; sourceTree = "<group>"; };
		A9BEDD521FAD44C400AEE857 /* Chat.storyboard */ = {isa = PBXFileReference; fileEncoding = 4; lastKnownFileType = file.storyboard; path = Chat.storyboard; sourceTree = "<group>"; };
		A9BEDD541FAD44FE00AEE857 /* Profile.storyboard */ = {isa = PBXFileReference; fileEncoding = 4; lastKnownFileType = file.storyboard; path = Profile.storyboard; sourceTree = "<group>"; };
		A9BEDD561FAD452900AEE857 /* Basket.storyboard */ = {isa = PBXFileReference; fileEncoding = 4; lastKnownFileType = file.storyboard; path = Basket.storyboard; sourceTree = "<group>"; };
		A9BEDD581FAD455100AEE857 /* Producer.storyboard */ = {isa = PBXFileReference; fileEncoding = 4; lastKnownFileType = file.storyboard; path = Producer.storyboard; sourceTree = "<group>"; };
		A9BEDD5C1FAD47D000AEE857 /* HomeViewController.swift */ = {isa = PBXFileReference; lastKnownFileType = sourcecode.swift; path = HomeViewController.swift; sourceTree = "<group>"; };
		A9CABFEC1FACF7B000014BB0 /* CestaDoCampo.app */ = {isa = PBXFileReference; explicitFileType = wrapper.application; includeInIndex = 0; path = CestaDoCampo.app; sourceTree = BUILT_PRODUCTS_DIR; };
		A9CABFEF1FACF7B000014BB0 /* AppDelegate.swift */ = {isa = PBXFileReference; lastKnownFileType = sourcecode.swift; path = AppDelegate.swift; sourceTree = "<group>"; };
		A9CABFF11FACF7B000014BB0 /* ViewController.swift */ = {isa = PBXFileReference; lastKnownFileType = sourcecode.swift; path = ViewController.swift; sourceTree = "<group>"; };
		A9CABFF41FACF7B000014BB0 /* Base */ = {isa = PBXFileReference; lastKnownFileType = file.storyboard; name = Base; path = Base.lproj/Main.storyboard; sourceTree = "<group>"; };
		A9CABFF61FACF7B000014BB0 /* Assets.xcassets */ = {isa = PBXFileReference; lastKnownFileType = folder.assetcatalog; path = Assets.xcassets; sourceTree = "<group>"; };
		A9CABFF91FACF7B000014BB0 /* Base */ = {isa = PBXFileReference; lastKnownFileType = file.storyboard; name = Base; path = Base.lproj/LaunchScreen.storyboard; sourceTree = "<group>"; };
		A9CABFFB1FACF7B000014BB0 /* Info.plist */ = {isa = PBXFileReference; lastKnownFileType = text.plist.xml; path = Info.plist; sourceTree = "<group>"; };
/* End PBXFileReference section */

/* Begin PBXFrameworksBuildPhase section */
		A9CABFE91FACF7B000014BB0 /* Frameworks */ = {
			isa = PBXFrameworksBuildPhase;
			buildActionMask = 2147483647;
			files = (
			);
			runOnlyForDeploymentPostprocessing = 0;
		};
/* End PBXFrameworksBuildPhase section */

/* Begin PBXGroup section */
		6D9C2A0C1FB4F09D005EF27E /* Service */ = {
			isa = PBXGroup;
			children = (
				6D9C2A0D1FB4F0C0005EF27E /* CustomerService.swift */,
				6D9C2A0F1FB4FAA4005EF27E /* ProducerService.swift */,
			);
			path = Service;
			sourceTree = "<group>";
		};
		6D9C2A111FB6032F005EF27E /* Entity */ = {
			isa = PBXGroup;
			children = (
				A97F92C81FB4CFCA00784B24 /* Basket.swift */,
				A97F92CA1FB4D0B800784B24 /* Producer.swift */,
				6DBD68801FB4D849003A029A /* BasketItem.swift */,
				6DBD68821FB4DAE7003A029A /* PickupDay.swift */,
				6DBD68841FB4DBC4003A029A /* PickupPoint.swift */,
				6DBD68861FB4E299003A029A /* Customer.swift */,
				6DBD68881FB4E4EA003A029A /* Subscription.swift */,
				6DBD688A1FB4E5F4003A029A /* Product.swift */,
				6DBD688C1FB4E684003A029A /* AvailableItem.swift */,
				6DBD688E1FB4E77C003A029A /* OrderedItem.swift */,
			);
			path = Entity;
			sourceTree = "<group>";
		};
		A97F92C71FB4CF6200784B24 /* Model */ = {
			isa = PBXGroup;
			children = (
				6D9C2A121FB603D4005EF27E /* CustomerModel.swift */,
				6D9C2A141FB60586005EF27E /* ProducerModel.swift */,
			);
			path = Model;
			sourceTree = "<group>";
		};
		A9BEDD5A1FAD46AA00AEE857 /* View */ = {
			isa = PBXGroup;
			children = (
				A9CABFF31FACF7B000014BB0 /* Main.storyboard */,
				A9BEDD501FAD442A00AEE857 /* Home.storyboard */,
				A9BEDD521FAD44C400AEE857 /* Chat.storyboard */,
				A9BEDD581FAD455100AEE857 /* Producer.storyboard */,
				A9BEDD561FAD452900AEE857 /* Basket.storyboard */,
				A9BEDD541FAD44FE00AEE857 /* Profile.storyboard */,
				A9CABFF81FACF7B000014BB0 /* LaunchScreen.storyboard */,
			);
			path = View;
			sourceTree = "<group>";
		};
		A9BEDD5B1FAD47A600AEE857 /* Controller */ = {
			isa = PBXGroup;
			children = (
				A97F92C51FB4BCA900784B24 /* ProducerTableViewCell.swift */,
				A9BEDD5C1FAD47D000AEE857 /* HomeViewController.swift */,
			);
			path = Controller;
			sourceTree = "<group>";
		};
		A9CABFE31FACF7B000014BB0 = {
			isa = PBXGroup;
			children = (
				6D9C2A111FB6032F005EF27E /* Entity */,
				6D9C2A0C1FB4F09D005EF27E /* Service */,
				A97F92C71FB4CF6200784B24 /* Model */,
				A9BEDD5B1FAD47A600AEE857 /* Controller */,
				A9BEDD5A1FAD46AA00AEE857 /* View */,
				A9CABFEE1FACF7B000014BB0 /* CestaDoCampo */,
				A9CABFED1FACF7B000014BB0 /* Products */,
			);
			sourceTree = "<group>";
		};
		A9CABFED1FACF7B000014BB0 /* Products */ = {
			isa = PBXGroup;
			children = (
				A9CABFEC1FACF7B000014BB0 /* CestaDoCampo.app */,
			);
			name = Products;
			sourceTree = "<group>";
		};
		A9CABFEE1FACF7B000014BB0 /* CestaDoCampo */ = {
			isa = PBXGroup;
			children = (
				A9CABFEF1FACF7B000014BB0 /* AppDelegate.swift */,
				A9CABFF11FACF7B000014BB0 /* ViewController.swift */,
				A9CABFF61FACF7B000014BB0 /* Assets.xcassets */,
				A9CABFFB1FACF7B000014BB0 /* Info.plist */,
			);
			path = CestaDoCampo;
			sourceTree = "<group>";
		};
/* End PBXGroup section */

/* Begin PBXNativeTarget section */
		A9CABFEB1FACF7B000014BB0 /* CestaDoCampo */ = {
			isa = PBXNativeTarget;
			buildConfigurationList = A9CABFFE1FACF7B000014BB0 /* Build configuration list for PBXNativeTarget "CestaDoCampo" */;
			buildPhases = (
				A9CABFE81FACF7B000014BB0 /* Sources */,
				A9CABFE91FACF7B000014BB0 /* Frameworks */,
				A9CABFEA1FACF7B000014BB0 /* Resources */,
			);
			buildRules = (
			);
			dependencies = (
			);
			name = CestaDoCampo;
			productName = CestaDoCampo;
			productReference = A9CABFEC1FACF7B000014BB0 /* CestaDoCampo.app */;
			productType = "com.apple.product-type.application";
		};
/* End PBXNativeTarget section */

/* Begin PBXProject section */
		A9CABFE41FACF7B000014BB0 /* Project object */ = {
			isa = PBXProject;
			attributes = {
				LastSwiftUpdateCheck = 0910;
				LastUpgradeCheck = 0910;
				ORGANIZATIONNAME = "João Hergert";
				TargetAttributes = {
					A9CABFEB1FACF7B000014BB0 = {
						CreatedOnToolsVersion = 9.1;
						ProvisioningStyle = Automatic;
					};
				};
			};
			buildConfigurationList = A9CABFE71FACF7B000014BB0 /* Build configuration list for PBXProject "CestaDoCampo" */;
			compatibilityVersion = "Xcode 8.0";
			developmentRegion = en;
			hasScannedForEncodings = 0;
			knownRegions = (
				en,
				Base,
			);
			mainGroup = A9CABFE31FACF7B000014BB0;
			productRefGroup = A9CABFED1FACF7B000014BB0 /* Products */;
			projectDirPath = "";
			projectRoot = "";
			targets = (
				A9CABFEB1FACF7B000014BB0 /* CestaDoCampo */,
			);
		};
/* End PBXProject section */

/* Begin PBXResourcesBuildPhase section */
		A9CABFEA1FACF7B000014BB0 /* Resources */ = {
			isa = PBXResourcesBuildPhase;
			buildActionMask = 2147483647;
			files = (
				A9BEDD551FAD44FE00AEE857 /* Profile.storyboard in Resources */,
				A9CABFFA1FACF7B000014BB0 /* LaunchScreen.storyboard in Resources */,
				A9BEDD571FAD452900AEE857 /* Basket.storyboard in Resources */,
				A9CABFF71FACF7B000014BB0 /* Assets.xcassets in Resources */,
				A9CABFF51FACF7B000014BB0 /* Main.storyboard in Resources */,
				A9BEDD531FAD44C400AEE857 /* Chat.storyboard in Resources */,
				A9BEDD591FAD455100AEE857 /* Producer.storyboard in Resources */,
				A9BEDD511FAD442A00AEE857 /* Home.storyboard in Resources */,
			);
			runOnlyForDeploymentPostprocessing = 0;
		};
/* End PBXResourcesBuildPhase section */

/* Begin PBXSourcesBuildPhase section */
		A9CABFE81FACF7B000014BB0 /* Sources */ = {
			isa = PBXSourcesBuildPhase;
			buildActionMask = 2147483647;
			files = (
				6DBD688F1FB4E77C003A029A /* OrderedItem.swift in Sources */,
				6DBD688D1FB4E684003A029A /* AvailableItem.swift in Sources */,
				A9CABFF21FACF7B000014BB0 /* ViewController.swift in Sources */,
				6DBD68871FB4E299003A029A /* Customer.swift in Sources */,
				A97F92C61FB4BCA900784B24 /* ProducerTableViewCell.swift in Sources */,
				6D9C2A151FB60586005EF27E /* ProducerModel.swift in Sources */,
				6D9C2A131FB603D4005EF27E /* CustomerModel.swift in Sources */,
				6D9C2A101FB4FAA4005EF27E /* ProducerService.swift in Sources */,
				A9CABFF01FACF7B000014BB0 /* AppDelegate.swift in Sources */,
				6DBD68891FB4E4EA003A029A /* Subscription.swift in Sources */,
				6DBD688B1FB4E5F4003A029A /* Product.swift in Sources */,
				6DBD68851FB4DBC4003A029A /* PickupPoint.swift in Sources */,
				A97F92CB1FB4D0B800784B24 /* Producer.swift in Sources */,
				6DBD68831FB4DAE7003A029A /* PickupDay.swift in Sources */,
				6DBD68811FB4D849003A029A /* BasketItem.swift in Sources */,
				6D9C2A0E1FB4F0C0005EF27E /* CustomerService.swift in Sources */,
				A9BEDD5D1FAD47D000AEE857 /* HomeViewController.swift in Sources */,
				A97F92C91FB4CFCA00784B24 /* Basket.swift in Sources */,
			);
			runOnlyForDeploymentPostprocessing = 0;
		};
/* End PBXSourcesBuildPhase section */

/* Begin PBXVariantGroup section */
		A9CABFF31FACF7B000014BB0 /* Main.storyboard */ = {
			isa = PBXVariantGroup;
			children = (
				A9CABFF41FACF7B000014BB0 /* Base */,
			);
			name = Main.storyboard;
			sourceTree = "<group>";
		};
		A9CABFF81FACF7B000014BB0 /* LaunchScreen.storyboard */ = {
			isa = PBXVariantGroup;
			children = (
				A9CABFF91FACF7B000014BB0 /* Base */,
			);
			name = LaunchScreen.storyboard;
			sourceTree = "<group>";
		};
/* End PBXVariantGroup section */

/* Begin XCBuildConfiguration section */
		A9CABFFC1FACF7B000014BB0 /* Debug */ = {
			isa = XCBuildConfiguration;
			buildSettings = {
				ALWAYS_SEARCH_USER_PATHS = NO;
				CLANG_ANALYZER_NONNULL = YES;
				CLANG_ANALYZER_NUMBER_OBJECT_CONVERSION = YES_AGGRESSIVE;
				CLANG_CXX_LANGUAGE_STANDARD = "gnu++14";
				CLANG_CXX_LIBRARY = "libc++";
				CLANG_ENABLE_MODULES = YES;
				CLANG_ENABLE_OBJC_ARC = YES;
				CLANG_WARN_BLOCK_CAPTURE_AUTORELEASING = YES;
				CLANG_WARN_BOOL_CONVERSION = YES;
				CLANG_WARN_COMMA = YES;
				CLANG_WARN_CONSTANT_CONVERSION = YES;
				CLANG_WARN_DIRECT_OBJC_ISA_USAGE = YES_ERROR;
				CLANG_WARN_DOCUMENTATION_COMMENTS = YES;
				CLANG_WARN_EMPTY_BODY = YES;
				CLANG_WARN_ENUM_CONVERSION = YES;
				CLANG_WARN_INFINITE_RECURSION = YES;
				CLANG_WARN_INT_CONVERSION = YES;
				CLANG_WARN_NON_LITERAL_NULL_CONVERSION = YES;
				CLANG_WARN_OBJC_LITERAL_CONVERSION = YES;
				CLANG_WARN_OBJC_ROOT_CLASS = YES_ERROR;
				CLANG_WARN_RANGE_LOOP_ANALYSIS = YES;
				CLANG_WARN_STRICT_PROTOTYPES = YES;
				CLANG_WARN_SUSPICIOUS_MOVE = YES;
				CLANG_WARN_UNGUARDED_AVAILABILITY = YES_AGGRESSIVE;
				CLANG_WARN_UNREACHABLE_CODE = YES;
				CLANG_WARN__DUPLICATE_METHOD_MATCH = YES;
				CODE_SIGN_IDENTITY = "iPhone Developer";
				COPY_PHASE_STRIP = NO;
				DEBUG_INFORMATION_FORMAT = dwarf;
				ENABLE_STRICT_OBJC_MSGSEND = YES;
				ENABLE_TESTABILITY = YES;
				GCC_C_LANGUAGE_STANDARD = gnu11;
				GCC_DYNAMIC_NO_PIC = NO;
				GCC_NO_COMMON_BLOCKS = YES;
				GCC_OPTIMIZATION_LEVEL = 0;
				GCC_PREPROCESSOR_DEFINITIONS = (
					"DEBUG=1",
					"$(inherited)",
				);
				GCC_WARN_64_TO_32_BIT_CONVERSION = YES;
				GCC_WARN_ABOUT_RETURN_TYPE = YES_ERROR;
				GCC_WARN_UNDECLARED_SELECTOR = YES;
				GCC_WARN_UNINITIALIZED_AUTOS = YES_AGGRESSIVE;
				GCC_WARN_UNUSED_FUNCTION = YES;
				GCC_WARN_UNUSED_VARIABLE = YES;
				IPHONEOS_DEPLOYMENT_TARGET = 11.1;
				MTL_ENABLE_DEBUG_INFO = YES;
				ONLY_ACTIVE_ARCH = YES;
				SDKROOT = iphoneos;
				SWIFT_ACTIVE_COMPILATION_CONDITIONS = DEBUG;
				SWIFT_OPTIMIZATION_LEVEL = "-Onone";
			};
			name = Debug;
		};
		A9CABFFD1FACF7B000014BB0 /* Release */ = {
			isa = XCBuildConfiguration;
			buildSettings = {
				ALWAYS_SEARCH_USER_PATHS = NO;
				CLANG_ANALYZER_NONNULL = YES;
				CLANG_ANALYZER_NUMBER_OBJECT_CONVERSION = YES_AGGRESSIVE;
				CLANG_CXX_LANGUAGE_STANDARD = "gnu++14";
				CLANG_CXX_LIBRARY = "libc++";
				CLANG_ENABLE_MODULES = YES;
				CLANG_ENABLE_OBJC_ARC = YES;
				CLANG_WARN_BLOCK_CAPTURE_AUTORELEASING = YES;
				CLANG_WARN_BOOL_CONVERSION = YES;
				CLANG_WARN_COMMA = YES;
				CLANG_WARN_CONSTANT_CONVERSION = YES;
				CLANG_WARN_DIRECT_OBJC_ISA_USAGE = YES_ERROR;
				CLANG_WARN_DOCUMENTATION_COMMENTS = YES;
				CLANG_WARN_EMPTY_BODY = YES;
				CLANG_WARN_ENUM_CONVERSION = YES;
				CLANG_WARN_INFINITE_RECURSION = YES;
				CLANG_WARN_INT_CONVERSION = YES;
				CLANG_WARN_NON_LITERAL_NULL_CONVERSION = YES;
				CLANG_WARN_OBJC_LITERAL_CONVERSION = YES;
				CLANG_WARN_OBJC_ROOT_CLASS = YES_ERROR;
				CLANG_WARN_RANGE_LOOP_ANALYSIS = YES;
				CLANG_WARN_STRICT_PROTOTYPES = YES;
				CLANG_WARN_SUSPICIOUS_MOVE = YES;
				CLANG_WARN_UNGUARDED_AVAILABILITY = YES_AGGRESSIVE;
				CLANG_WARN_UNREACHABLE_CODE = YES;
				CLANG_WARN__DUPLICATE_METHOD_MATCH = YES;
				CODE_SIGN_IDENTITY = "iPhone Developer";
				COPY_PHASE_STRIP = NO;
				DEBUG_INFORMATION_FORMAT = "dwarf-with-dsym";
				ENABLE_NS_ASSERTIONS = NO;
				ENABLE_STRICT_OBJC_MSGSEND = YES;
				GCC_C_LANGUAGE_STANDARD = gnu11;
				GCC_NO_COMMON_BLOCKS = YES;
				GCC_WARN_64_TO_32_BIT_CONVERSION = YES;
				GCC_WARN_ABOUT_RETURN_TYPE = YES_ERROR;
				GCC_WARN_UNDECLARED_SELECTOR = YES;
				GCC_WARN_UNINITIALIZED_AUTOS = YES_AGGRESSIVE;
				GCC_WARN_UNUSED_FUNCTION = YES;
				GCC_WARN_UNUSED_VARIABLE = YES;
				IPHONEOS_DEPLOYMENT_TARGET = 11.1;
				MTL_ENABLE_DEBUG_INFO = NO;
				SDKROOT = iphoneos;
				SWIFT_OPTIMIZATION_LEVEL = "-Owholemodule";
				VALIDATE_PRODUCT = YES;
			};
			name = Release;
		};
		A9CABFFF1FACF7B000014BB0 /* Debug */ = {
			isa = XCBuildConfiguration;
			buildSettings = {
				ASSETCATALOG_COMPILER_APPICON_NAME = AppIcon;
				CODE_SIGN_STYLE = Automatic;
				DEVELOPMENT_TEAM = "";
				INFOPLIST_FILE = CestaDoCampo/Info.plist;
				LD_RUNPATH_SEARCH_PATHS = "$(inherited) @executable_path/Frameworks";
				PRODUCT_BUNDLE_IDENTIFIER = br.org.eldorado.bepid.CestaDoCampo;
				PRODUCT_NAME = "$(TARGET_NAME)";
				SWIFT_VERSION = 4.0;
				TARGETED_DEVICE_FAMILY = "1,2";
			};
			name = Debug;
		};
		A9CAC0001FACF7B000014BB0 /* Release */ = {
			isa = XCBuildConfiguration;
			buildSettings = {
				ASSETCATALOG_COMPILER_APPICON_NAME = AppIcon;
				CODE_SIGN_STYLE = Automatic;
				DEVELOPMENT_TEAM = "";
				INFOPLIST_FILE = CestaDoCampo/Info.plist;
				LD_RUNPATH_SEARCH_PATHS = "$(inherited) @executable_path/Frameworks";
				PRODUCT_BUNDLE_IDENTIFIER = br.org.eldorado.bepid.CestaDoCampo;
				PRODUCT_NAME = "$(TARGET_NAME)";
				SWIFT_VERSION = 4.0;
				TARGETED_DEVICE_FAMILY = "1,2";
			};
			name = Release;
		};
/* End XCBuildConfiguration section */

/* Begin XCConfigurationList section */
		A9CABFE71FACF7B000014BB0 /* Build configuration list for PBXProject "CestaDoCampo" */ = {
			isa = XCConfigurationList;
			buildConfigurations = (
				A9CABFFC1FACF7B000014BB0 /* Debug */,
				A9CABFFD1FACF7B000014BB0 /* Release */,
			);
			defaultConfigurationIsVisible = 0;
			defaultConfigurationName = Release;
		};
		A9CABFFE1FACF7B000014BB0 /* Build configuration list for PBXNativeTarget "CestaDoCampo" */ = {
			isa = XCConfigurationList;
			buildConfigurations = (
				A9CABFFF1FACF7B000014BB0 /* Debug */,
				A9CAC0001FACF7B000014BB0 /* Release */,
			);
			defaultConfigurationIsVisible = 0;
			defaultConfigurationName = Release;
		};
/* End XCConfigurationList section */
	};
	rootObject = A9CABFE41FACF7B000014BB0 /* Project object */;
}
